
Microsoft Visual Studio Solution File, Format Version 12.00
# Visual Studio Version 17
VisualStudioVersion = 17.14.36127.28 d17.14
MinimumVisualStudioVersion = 10.0.40219.1
Project("{8BC9CEB8-8B4A-11D0-8D11-00A0C91BC942}") = "Resident_Evil_like_backpack", "Resident_Evil_like_backpack.vcxproj", "{E41BBCC3-891D-44BC-A13A-62F13661ABDB}"
EndProject
Global
	GlobalSection(SolutionConfigurationPlatforms) = preSolution
		Debug|x64 = Debug|x64
		Debug|x86 = Debug|x86
		Release|x64 = Release|x64
		Release|x86 = Release|x86
	EndGlobalSection
	GlobalSection(ProjectConfigurationPlatforms) = postSolution
		{E41BBCC3-891D-44BC-A13A-62F13661ABDB}.Debug|x64.ActiveCfg = Debug|x64
		{E41BBCC3-891D-44BC-A13A-62F13661ABDB}.Debug|x64.Build.0 = Debug|x64
		{E41BBCC3-891D-44BC-A13A-62F13661ABDB}.Debug|x86.ActiveCfg = Debug|Win32
		{E41BBCC3-891D-44BC-A13A-62F13661ABDB}.Debug|x86.Build.0 = Debug|Win32
		{E41BBCC3-891D-44BC-A13A-62F13661ABDB}.Release|x64.ActiveCfg = Release|x64
		{E41BBCC3-891D-44BC-A13A-62F13661ABDB}.Release|x64.Build.0 = Release|x64
		{E41BBCC3-891D-44BC-A13A-62F13661ABDB}.Release|x86.ActiveCfg = Release|Win32
		{E41BBCC3-891D-44BC-A13A-62F13661ABDB}.Release|x86.Build.0 = Release|Win32
	EndGlobalSection
	GlobalSection(SolutionProperties) = preSolution
		HideSolutionNode = FALSE
	EndGlobalSection
	GlobalSection(ExtensibilityGlobals) = postSolution
		SolutionGuid = {5F45B77E-0E8B-44BA-B822-7401F12F87F5}
	EndGlobalSection
EndGlobal
